{
  "object": {
    "pins": [
      {
        "package": "PryntTrimmerView",
        "repositoryURL": "https://github.com/HHK1/PryntTrimmerView",
        "state": {
          "branch": null,
          "revision": "ac1b60a22c7e6a6514de7a66d2f3d5b537c956d5",
          "version": "4.0.2"
        }
      },
      {
        "package": "Stevia",
        "repositoryURL": "https://github.com/freshOS/Stevia",
        "state": {
          "branch": null,
          "revision": "6192b6216f821b7132e9b772108f25af8cf8ebc5",
          "version": "6.2.2"
        }
      }
    ]
  },
  "version": 1
}
